// !$*UTF8*$!
{
	archiveVersion = 1;
	classes = {
	};
	objectVersion = 52;
	objects = {

/* Begin PBXBuildFile section */
		D2062B8F257CEA3900E6BD95 /* CloudKit.framework in Frameworks */ = {isa = PBXBuildFile; fileRef = D2062B8E257CEA3900E6BD95 /* CloudKit.framework */; };
		D206B25D25EA8D0400A5DA14 /* OnRotation.swift in Sources */ = {isa = PBXBuildFile; fileRef = D206B25C25EA8D0400A5DA14 /* OnRotation.swift */; };
		D206B26025EA8D3C00A5DA14 /* CollectionLibrary.swift in Sources */ = {isa = PBXBuildFile; fileRef = D206B25F25EA8D3C00A5DA14 /* CollectionLibrary.swift */; };
		D206B26325EA8D9900A5DA14 /* Triage.swift in Sources */ = {isa = PBXBuildFile; fileRef = D206B26225EA8D9900A5DA14 /* Triage.swift */; };
		D22AFF5125FECF610075BB69 /* Source+Extension.swift in Sources */ = {isa = PBXBuildFile; fileRef = D22AFF5025FECF610075BB69 /* Source+Extension.swift */; };
		D22EFB632600086100881F79 /* AppleMusicAlbum+Extensions.swift in Sources */ = {isa = PBXBuildFile; fileRef = D22EFB622600086100881F79 /* AppleMusicAlbum+Extensions.swift */; };
		D22EFB6726000F6400881F79 /* Track+Extensions.swift in Sources */ = {isa = PBXBuildFile; fileRef = D22EFB6626000F6400881F79 /* Track+Extensions.swift */; };
		D242765B254AFE1E00326888 /* redbook.xcdatamodeld in Sources */ = {isa = PBXBuildFile; fileRef = D242762F254AFE1D00326888 /* redbook.xcdatamodeld */; };
		D242765D254AFE1E00326888 /* redbookApp.swift in Sources */ = {isa = PBXBuildFile; fileRef = D2427631254AFE1D00326888 /* redbookApp.swift */; };
		D242765F254AFE1E00326888 /* Home.swift in Sources */ = {isa = PBXBuildFile; fileRef = D2427632254AFE1D00326888 /* Home.swift */; };
		D2427661254AFE1E00326888 /* PersistenceController.swift in Sources */ = {isa = PBXBuildFile; fileRef = D2427633254AFE1D00326888 /* PersistenceController.swift */; };
		D2427663254AFE1E00326888 /* Assets.xcassets in Resources */ = {isa = PBXBuildFile; fileRef = D2427634254AFE1E00326888 /* Assets.xcassets */; };
		D24F9CC326020C450085C6FF /* UserAction.swift in Sources */ = {isa = PBXBuildFile; fileRef = D24F9CC226020C450085C6FF /* UserAction.swift */; };
		D24F9CCC26020CB20085C6FF /* UserUpdater.swift in Sources */ = {isa = PBXBuildFile; fileRef = D24F9CCB26020CB20085C6FF /* UserUpdater.swift */; };
		D253349D25EEF25E00B139FD /* SearchBar.swift in Sources */ = {isa = PBXBuildFile; fileRef = D253349C25EEF25E00B139FD /* SearchBar.swift */; };
		D25334A025EEF2BC00B139FD /* SearchResults.swift in Sources */ = {isa = PBXBuildFile; fileRef = D253349F25EEF2BC00B139FD /* SearchResults.swift */; };
		D25334A525EEFDBF00B139FD /* Following.swift in Sources */ = {isa = PBXBuildFile; fileRef = D25334A425EEFDBF00B139FD /* Following.swift */; };
		D25334A825EEFE2D00B139FD /* Settings.swift in Sources */ = {isa = PBXBuildFile; fileRef = D25334A725EEFE2D00B139FD /* Settings.swift */; };
		D25633FC25EAB53D00232260 /* SourceCard.swift in Sources */ = {isa = PBXBuildFile; fileRef = D25633FB25EAB53D00232260 /* SourceCard.swift */; };
		D256340125EAB5CA00232260 /* Kingfisher in Frameworks */ = {isa = PBXBuildFile; productRef = D256340025EAB5CA00232260 /* Kingfisher */; };
		D256340525EAB64100232260 /* CSS.swift in Sources */ = {isa = PBXBuildFile; fileRef = D256340425EAB64100232260 /* CSS.swift */; };
		D2680D702601556100ED38AA /* AppState.swift in Sources */ = {isa = PBXBuildFile; fileRef = D2680D6F2601556100ED38AA /* AppState.swift */; };
		D2680D74260155C200ED38AA /* AppAction.swift in Sources */ = {isa = PBXBuildFile; fileRef = D2680D73260155C200ED38AA /* AppAction.swift */; };
		D2680D78260155F500ED38AA /* AppUpdater.swift in Sources */ = {isa = PBXBuildFile; fileRef = D2680D77260155F500ED38AA /* AppUpdater.swift */; };
		D2680D7B2601568200ED38AA /* AppEnvironment.swift in Sources */ = {isa = PBXBuildFile; fileRef = D2680D7A2601568200ED38AA /* AppEnvironment.swift */; };
		D273485F25EC552200590296 /* AppIcons.xcassets in Resources */ = {isa = PBXBuildFile; fileRef = D273485E25EC552200590296 /* AppIcons.xcassets */; };
		D292EC1425FC1DD900D8B827 /* CollectionProvider.swift in Sources */ = {isa = PBXBuildFile; fileRef = D292EC1325FC1DD900D8B827 /* CollectionProvider.swift */; };
		D292EC1825FC327E00D8B827 /* SlotProvider.swift in Sources */ = {isa = PBXBuildFile; fileRef = D292EC1725FC327E00D8B827 /* SlotProvider.swift */; };
		D2A86AD325F3CE2600F85476 /* SearchViewModel.swift in Sources */ = {isa = PBXBuildFile; fileRef = D2A86AD225F3CE2600F85476 /* SearchViewModel.swift */; };
		D2B1A50725F28C5E0083BA92 /* SourceDetail.swift in Sources */ = {isa = PBXBuildFile; fileRef = D2B1A50625F28C5E0083BA92 /* SourceDetail.swift */; };
		D2B1A50B25F28DE60083BA92 /* SourceCover.swift in Sources */ = {isa = PBXBuildFile; fileRef = D2B1A50A25F28DE60083BA92 /* SourceCover.swift */; };
		D2B1A50F25F28F210083BA92 /* TrackList.swift in Sources */ = {isa = PBXBuildFile; fileRef = D2B1A50E25F28F210083BA92 /* TrackList.swift */; };
		D2B1A51325F290160083BA92 /* DiscTrackList.swift in Sources */ = {isa = PBXBuildFile; fileRef = D2B1A51225F290160083BA92 /* DiscTrackList.swift */; };
		D2B1A51725F293C10083BA92 /* TrackDetail.swift in Sources */ = {isa = PBXBuildFile; fileRef = D2B1A51625F293C10083BA92 /* TrackDetail.swift */; };
		D2B1A51B25F2E4640083BA92 /* SourceDetailViewModel.swift in Sources */ = {isa = PBXBuildFile; fileRef = D2B1A51A25F2E4640083BA92 /* SourceDetailViewModel.swift */; };
		D2C8A17A25F983B4008F7460 /* OnRotationViewModel.swift in Sources */ = {isa = PBXBuildFile; fileRef = D2C8A17925F983B4008F7460 /* OnRotationViewModel.swift */; };
		D2C8A17E25F98D11008F7460 /* PlaybackLink.swift in Sources */ = {isa = PBXBuildFile; fileRef = D2C8A17D25F98D11008F7460 /* PlaybackLink.swift */; };
		D2D21E4F25F1797B00BA31AD /* pre-actions.sh in Resources */ = {isa = PBXBuildFile; fileRef = D2D21E4E25F1797B00BA31AD /* pre-actions.sh */; };
		D2D21E5225F1798400BA31AD /* createAppleMusicAPIToken.sh in Resources */ = {isa = PBXBuildFile; fileRef = D2D21E5125F1798400BA31AD /* createAppleMusicAPIToken.sh */; };
		D2D21E5825F17B5100BA31AD /* secrets.xcconfig.sample in Resources */ = {isa = PBXBuildFile; fileRef = D2D21E5725F17B5100BA31AD /* secrets.xcconfig.sample */; };
		D2D21E6125F1885500BA31AD /* RecordStore.swift in Sources */ = {isa = PBXBuildFile; fileRef = D2D21E6025F1885500BA31AD /* RecordStore.swift */; };
		D2D21E6525F1889000BA31AD /* HMV in Frameworks */ = {isa = PBXBuildFile; productRef = D2D21E6425F1889000BA31AD /* HMV */; };
		D2D56B9125ED8FA5007DC398 /* EmptyCard.swift in Sources */ = {isa = PBXBuildFile; fileRef = D2D56B9025ED8FA5007DC398 /* EmptyCard.swift */; };
		D2D56B9525ED916D007DC398 /* Search.swift in Sources */ = {isa = PBXBuildFile; fileRef = D2D56B9425ED916D007DC398 /* Search.swift */; };
/* End PBXBuildFile section */

/* Begin PBXFileReference section */
		D2062B8C257CE4F500E6BD95 /* redbook.entitlements */ = {isa = PBXFileReference; lastKnownFileType = text.plist.entitlements; path = redbook.entitlements; sourceTree = "<group>"; };
		D2062B8E257CEA3900E6BD95 /* CloudKit.framework */ = {isa = PBXFileReference; lastKnownFileType = wrapper.framework; name = CloudKit.framework; path = Platforms/iPhoneOS.platform/Developer/SDKs/iPhoneOS14.2.sdk/System/Library/Frameworks/CloudKit.framework; sourceTree = DEVELOPER_DIR; };
		D206B25C25EA8D0400A5DA14 /* OnRotation.swift */ = {isa = PBXFileReference; lastKnownFileType = sourcecode.swift; path = OnRotation.swift; sourceTree = "<group>"; };
		D206B25F25EA8D3C00A5DA14 /* CollectionLibrary.swift */ = {isa = PBXFileReference; lastKnownFileType = sourcecode.swift; path = CollectionLibrary.swift; sourceTree = "<group>"; };
		D206B26225EA8D9900A5DA14 /* Triage.swift */ = {isa = PBXFileReference; lastKnownFileType = sourcecode.swift; path = Triage.swift; sourceTree = "<group>"; };
		D21C3CA72572C4E7000CB93F /* build.sh */ = {isa = PBXFileReference; lastKnownFileType = text.script.sh; path = build.sh; sourceTree = "<group>"; };
		D21C3CA82572C4F1000CB93F /* Fastfile */ = {isa = PBXFileReference; lastKnownFileType = text; name = Fastfile; path = fastlane/Fastfile; sourceTree = "<group>"; };
		D21C3CA92572C508000CB93F /* .github */ = {isa = PBXFileReference; lastKnownFileType = folder; path = .github; sourceTree = "<group>"; };
		D22AFF5025FECF610075BB69 /* Source+Extension.swift */ = {isa = PBXFileReference; lastKnownFileType = sourcecode.swift; path = "Source+Extension.swift"; sourceTree = "<group>"; };
		D22EFB622600086100881F79 /* AppleMusicAlbum+Extensions.swift */ = {isa = PBXFileReference; lastKnownFileType = sourcecode.swift; path = "AppleMusicAlbum+Extensions.swift"; sourceTree = "<group>"; };
		D22EFB6626000F6400881F79 /* Track+Extensions.swift */ = {isa = PBXFileReference; lastKnownFileType = sourcecode.swift; path = "Track+Extensions.swift"; sourceTree = "<group>"; };
		D2427630254AFE1D00326888 /* Shared.xcdatamodel */ = {isa = PBXFileReference; lastKnownFileType = wrapper.xcdatamodel; path = Shared.xcdatamodel; sourceTree = "<group>"; };
		D2427631254AFE1D00326888 /* redbookApp.swift */ = {isa = PBXFileReference; lastKnownFileType = sourcecode.swift; path = redbookApp.swift; sourceTree = "<group>"; };
		D2427632254AFE1D00326888 /* Home.swift */ = {isa = PBXFileReference; lastKnownFileType = sourcecode.swift; path = Home.swift; sourceTree = "<group>"; };
		D2427633254AFE1D00326888 /* PersistenceController.swift */ = {isa = PBXFileReference; lastKnownFileType = sourcecode.swift; path = PersistenceController.swift; sourceTree = "<group>"; };
		D2427634254AFE1E00326888 /* Assets.xcassets */ = {isa = PBXFileReference; lastKnownFileType = folder.assetcatalog; path = Assets.xcassets; sourceTree = "<group>"; };
		D2427639254AFE1E00326888 /* redbook.app */ = {isa = PBXFileReference; explicitFileType = wrapper.application; includeInIndex = 0; path = redbook.app; sourceTree = BUILT_PRODUCTS_DIR; };
		D242763C254AFE1E00326888 /* Info.plist */ = {isa = PBXFileReference; lastKnownFileType = text.plist.xml; path = Info.plist; sourceTree = "<group>"; };
		D24F9CC226020C450085C6FF /* UserAction.swift */ = {isa = PBXFileReference; lastKnownFileType = sourcecode.swift; path = UserAction.swift; sourceTree = "<group>"; };
		D24F9CCB26020CB20085C6FF /* UserUpdater.swift */ = {isa = PBXFileReference; lastKnownFileType = sourcecode.swift; path = UserUpdater.swift; sourceTree = "<group>"; };
		D253349C25EEF25E00B139FD /* SearchBar.swift */ = {isa = PBXFileReference; lastKnownFileType = sourcecode.swift; path = SearchBar.swift; sourceTree = "<group>"; };
		D253349F25EEF2BC00B139FD /* SearchResults.swift */ = {isa = PBXFileReference; lastKnownFileType = sourcecode.swift; path = SearchResults.swift; sourceTree = "<group>"; };
		D25334A425EEFDBF00B139FD /* Following.swift */ = {isa = PBXFileReference; lastKnownFileType = sourcecode.swift; path = Following.swift; sourceTree = "<group>"; };
		D25334A725EEFE2D00B139FD /* Settings.swift */ = {isa = PBXFileReference; lastKnownFileType = sourcecode.swift; path = Settings.swift; sourceTree = "<group>"; };
		D25633FB25EAB53D00232260 /* SourceCard.swift */ = {isa = PBXFileReference; lastKnownFileType = sourcecode.swift; path = SourceCard.swift; sourceTree = "<group>"; };
		D256340425EAB64100232260 /* CSS.swift */ = {isa = PBXFileReference; lastKnownFileType = sourcecode.swift; path = CSS.swift; sourceTree = "<group>"; };
		D2680D6F2601556100ED38AA /* AppState.swift */ = {isa = PBXFileReference; lastKnownFileType = sourcecode.swift; path = AppState.swift; sourceTree = "<group>"; };
		D2680D73260155C200ED38AA /* AppAction.swift */ = {isa = PBXFileReference; lastKnownFileType = sourcecode.swift; path = AppAction.swift; sourceTree = "<group>"; };
		D2680D77260155F500ED38AA /* AppUpdater.swift */ = {isa = PBXFileReference; lastKnownFileType = sourcecode.swift; path = AppUpdater.swift; sourceTree = "<group>"; };
		D2680D7A2601568200ED38AA /* AppEnvironment.swift */ = {isa = PBXFileReference; lastKnownFileType = sourcecode.swift; path = AppEnvironment.swift; sourceTree = "<group>"; };
		D273485E25EC552200590296 /* AppIcons.xcassets */ = {isa = PBXFileReference; lastKnownFileType = folder.assetcatalog; path = AppIcons.xcassets; sourceTree = "<group>"; };
		D292EC1325FC1DD900D8B827 /* CollectionProvider.swift */ = {isa = PBXFileReference; lastKnownFileType = sourcecode.swift; path = CollectionProvider.swift; sourceTree = "<group>"; };
		D292EC1725FC327E00D8B827 /* SlotProvider.swift */ = {isa = PBXFileReference; lastKnownFileType = sourcecode.swift; path = SlotProvider.swift; sourceTree = "<group>"; };
		D2A86AD225F3CE2600F85476 /* SearchViewModel.swift */ = {isa = PBXFileReference; lastKnownFileType = sourcecode.swift; path = SearchViewModel.swift; sourceTree = "<group>"; };
		D2B1A50625F28C5E0083BA92 /* SourceDetail.swift */ = {isa = PBXFileReference; lastKnownFileType = sourcecode.swift; path = SourceDetail.swift; sourceTree = "<group>"; };
		D2B1A50A25F28DE60083BA92 /* SourceCover.swift */ = {isa = PBXFileReference; lastKnownFileType = sourcecode.swift; path = SourceCover.swift; sourceTree = "<group>"; };
		D2B1A50E25F28F210083BA92 /* TrackList.swift */ = {isa = PBXFileReference; lastKnownFileType = sourcecode.swift; path = TrackList.swift; sourceTree = "<group>"; };
		D2B1A51225F290160083BA92 /* DiscTrackList.swift */ = {isa = PBXFileReference; lastKnownFileType = sourcecode.swift; path = DiscTrackList.swift; sourceTree = "<group>"; };
		D2B1A51625F293C10083BA92 /* TrackDetail.swift */ = {isa = PBXFileReference; lastKnownFileType = sourcecode.swift; path = TrackDetail.swift; sourceTree = "<group>"; };
		D2B1A51A25F2E4640083BA92 /* SourceDetailViewModel.swift */ = {isa = PBXFileReference; lastKnownFileType = sourcecode.swift; path = SourceDetailViewModel.swift; sourceTree = "<group>"; };
		D2C8A17925F983B4008F7460 /* OnRotationViewModel.swift */ = {isa = PBXFileReference; lastKnownFileType = sourcecode.swift; path = OnRotationViewModel.swift; sourceTree = "<group>"; };
		D2C8A17D25F98D11008F7460 /* PlaybackLink.swift */ = {isa = PBXFileReference; lastKnownFileType = sourcecode.swift; path = PlaybackLink.swift; sourceTree = "<group>"; };
		D2D21E4E25F1797B00BA31AD /* pre-actions.sh */ = {isa = PBXFileReference; fileEncoding = 4; lastKnownFileType = text.script.sh; path = "pre-actions.sh"; sourceTree = "<group>"; };
		D2D21E5125F1798400BA31AD /* createAppleMusicAPIToken.sh */ = {isa = PBXFileReference; fileEncoding = 4; lastKnownFileType = text.script.sh; path = createAppleMusicAPIToken.sh; sourceTree = "<group>"; };
		D2D21E5425F17B2F00BA31AD /* secrets.xcconfig */ = {isa = PBXFileReference; lastKnownFileType = text.xcconfig; path = secrets.xcconfig; sourceTree = "<group>"; };
		D2D21E5725F17B5100BA31AD /* secrets.xcconfig.sample */ = {isa = PBXFileReference; lastKnownFileType = text; path = secrets.xcconfig.sample; sourceTree = "<group>"; };
		D2D21E6025F1885500BA31AD /* RecordStore.swift */ = {isa = PBXFileReference; lastKnownFileType = sourcecode.swift; path = RecordStore.swift; sourceTree = "<group>"; };
		D2D56B9025ED8FA5007DC398 /* EmptyCard.swift */ = {isa = PBXFileReference; lastKnownFileType = sourcecode.swift; path = EmptyCard.swift; sourceTree = "<group>"; };
		D2D56B9425ED916D007DC398 /* Search.swift */ = {isa = PBXFileReference; lastKnownFileType = sourcecode.swift; path = Search.swift; sourceTree = "<group>"; };
/* End PBXFileReference section */

/* Begin PBXFrameworksBuildPhase section */
		D2427636254AFE1E00326888 /* Frameworks */ = {
			isa = PBXFrameworksBuildPhase;
			buildActionMask = 2147483647;
			files = (
				D2D21E6525F1889000BA31AD /* HMV in Frameworks */,
				D256340125EAB5CA00232260 /* Kingfisher in Frameworks */,
				D2062B8F257CEA3900E6BD95 /* CloudKit.framework in Frameworks */,
			);
			runOnlyForDeploymentPostprocessing = 0;
		};
/* End PBXFrameworksBuildPhase section */

/* Begin PBXGroup section */
		D2062B8D257CEA3900E6BD95 /* Frameworks */ = {
			isa = PBXGroup;
			children = (
				D2062B8E257CEA3900E6BD95 /* CloudKit.framework */,
			);
			name = Frameworks;
			sourceTree = "<group>";
		};
		D21C3CA62572C4D0000CB93F /* Build */ = {
			isa = PBXGroup;
			children = (
				D21C3CA72572C4E7000CB93F /* build.sh */,
				D21C3CA82572C4F1000CB93F /* Fastfile */,
				D2D21E4D25F178EB00BA31AD /* pre-actions */,
				D21C3CA92572C508000CB93F /* .github */,
			);
			name = Build;
			sourceTree = "<group>";
		};
		D22AFF4B25FECD140075BB69 /* Model */ = {
			isa = PBXGroup;
			children = (
				D2427633254AFE1D00326888 /* PersistenceController.swift */,
				D292EC1325FC1DD900D8B827 /* CollectionProvider.swift */,
				D292EC1725FC327E00D8B827 /* SlotProvider.swift */,
				D242762F254AFE1D00326888 /* redbook.xcdatamodeld */,
				D22AFF5025FECF610075BB69 /* Source+Extension.swift */,
				D22EFB6626000F6400881F79 /* Track+Extensions.swift */,
			);
			path = Model;
			sourceTree = "<group>";
		};
		D2427629254AFE1D00326888 = {
			isa = PBXGroup;
			children = (
				D242762E254AFE1D00326888 /* redbook */,
				D242763A254AFE1E00326888 /* Products */,
				D21C3CA62572C4D0000CB93F /* Build */,
				D2062B8D257CEA3900E6BD95 /* Frameworks */,
			);
			sourceTree = "<group>";
		};
		D242762E254AFE1D00326888 /* redbook */ = {
			isa = PBXGroup;
			children = (
				D2427631254AFE1D00326888 /* redbookApp.swift */,
				D2680D6E2601555000ED38AA /* Redux */,
				D29B440F25EA799E001DE94C /* Home */,
				D2D56B8F25ED8F76007DC398 /* Collection */,
				D2B1A50525F28BA50083BA92 /* Source */,
				D2D56B9325ED915B007DC398 /* Search */,
				D22AFF4B25FECD140075BB69 /* Model */,
				D2D21E5F25F1883F00BA31AD /* Services */,
				D29B440E25EA795C001DE94C /* Configuration */,
				D2427634254AFE1E00326888 /* Assets.xcassets */,
				D273485E25EC552200590296 /* AppIcons.xcassets */,
			);
			path = redbook;
			sourceTree = "<group>";
		};
		D242763A254AFE1E00326888 /* Products */ = {
			isa = PBXGroup;
			children = (
				D2427639254AFE1E00326888 /* redbook.app */,
			);
			name = Products;
			sourceTree = "<group>";
		};
		D24F9CC126020C340085C6FF /* Actions */ = {
			isa = PBXGroup;
			children = (
				D2680D73260155C200ED38AA /* AppAction.swift */,
				D24F9CC226020C450085C6FF /* UserAction.swift */,
			);
			path = Actions;
			sourceTree = "<group>";
		};
		D24F9CC926020C6C0085C6FF /* Updaters */ = {
			isa = PBXGroup;
			children = (
				D2680D77260155F500ED38AA /* AppUpdater.swift */,
				D24F9CCB26020CB20085C6FF /* UserUpdater.swift */,
			);
			path = Updaters;
			sourceTree = "<group>";
		};
		D2680D6E2601555000ED38AA /* Redux */ = {
			isa = PBXGroup;
			children = (
				D2680D7A2601568200ED38AA /* AppEnvironment.swift */,
				D29CDC342602B7710093D923 /* State */,
				D24F9CC126020C340085C6FF /* Actions */,
				D24F9CC926020C6C0085C6FF /* Updaters */,
			);
			path = Redux;
			sourceTree = "<group>";
		};
		D29B440E25EA795C001DE94C /* Configuration */ = {
			isa = PBXGroup;
			children = (
				D256340425EAB64100232260 /* CSS.swift */,
				D242763C254AFE1E00326888 /* Info.plist */,
				D2062B8C257CE4F500E6BD95 /* redbook.entitlements */,
				D2D21E5425F17B2F00BA31AD /* secrets.xcconfig */,
				D2D21E5725F17B5100BA31AD /* secrets.xcconfig.sample */,
			);
			path = Configuration;
			sourceTree = "<group>";
		};
		D29B440F25EA799E001DE94C /* Home */ = {
			isa = PBXGroup;
			children = (
				D2427632254AFE1D00326888 /* Home.swift */,
				D206B25C25EA8D0400A5DA14 /* OnRotation.swift */,
				D2C8A17925F983B4008F7460 /* OnRotationViewModel.swift */,
				D206B25F25EA8D3C00A5DA14 /* CollectionLibrary.swift */,
				D206B26225EA8D9900A5DA14 /* Triage.swift */,
				D25334A425EEFDBF00B139FD /* Following.swift */,
				D25334A725EEFE2D00B139FD /* Settings.swift */,
			);
			path = Home;
			sourceTree = "<group>";
		};
		D29CDC342602B7710093D923 /* State */ = {
			isa = PBXGroup;
			children = (
				D2680D6F2601556100ED38AA /* AppState.swift */,
			);
			path = State;
			sourceTree = "<group>";
		};
		D2B1A50525F28BA50083BA92 /* Source */ = {
			isa = PBXGroup;
			children = (
				D2B1A50625F28C5E0083BA92 /* SourceDetail.swift */,
				D2B1A51A25F2E4640083BA92 /* SourceDetailViewModel.swift */,
				D2B1A50A25F28DE60083BA92 /* SourceCover.swift */,
				D2C8A17D25F98D11008F7460 /* PlaybackLink.swift */,
				D2B1A50E25F28F210083BA92 /* TrackList.swift */,
				D2B1A51225F290160083BA92 /* DiscTrackList.swift */,
				D2B1A51625F293C10083BA92 /* TrackDetail.swift */,
			);
			path = Source;
			sourceTree = "<group>";
		};
		D2D21E4D25F178EB00BA31AD /* pre-actions */ = {
			isa = PBXGroup;
			children = (
				D2D21E4E25F1797B00BA31AD /* pre-actions.sh */,
				D2D21E5125F1798400BA31AD /* createAppleMusicAPIToken.sh */,
			);
			path = "pre-actions";
			sourceTree = "<group>";
		};
		D2D21E5F25F1883F00BA31AD /* Services */ = {
			isa = PBXGroup;
			children = (
				D2D21E6025F1885500BA31AD /* RecordStore.swift */,
				D22EFB622600086100881F79 /* AppleMusicAlbum+Extensions.swift */,
			);
			path = Services;
			sourceTree = "<group>";
		};
		D2D56B8F25ED8F76007DC398 /* Collection */ = {
			isa = PBXGroup;
			children = (
				D25633FB25EAB53D00232260 /* SourceCard.swift */,
				D2D56B9025ED8FA5007DC398 /* EmptyCard.swift */,
			);
			path = Collection;
			sourceTree = "<group>";
		};
		D2D56B9325ED915B007DC398 /* Search */ = {
			isa = PBXGroup;
			children = (
				D2D56B9425ED916D007DC398 /* Search.swift */,
				D2A86AD225F3CE2600F85476 /* SearchViewModel.swift */,
				D253349C25EEF25E00B139FD /* SearchBar.swift */,
				D253349F25EEF2BC00B139FD /* SearchResults.swift */,
			);
			path = Search;
			sourceTree = "<group>";
		};
/* End PBXGroup section */

/* Begin PBXNativeTarget section */
		D2427638254AFE1E00326888 /* redbook (iOS) */ = {
			isa = PBXNativeTarget;
			buildConfigurationList = D2427667254AFE1E00326888 /* Build configuration list for PBXNativeTarget "redbook (iOS)" */;
			buildPhases = (
				D2427635254AFE1E00326888 /* Sources */,
				D2427636254AFE1E00326888 /* Frameworks */,
				D2427637254AFE1E00326888 /* Resources */,
			);
			buildRules = (
			);
			dependencies = (
			);
			name = "redbook (iOS)";
			packageProductDependencies = (
				D256340025EAB5CA00232260 /* Kingfisher */,
				D2D21E6425F1889000BA31AD /* HMV */,
			);
			productName = "redbook (iOS)";
			productReference = D2427639254AFE1E00326888 /* redbook.app */;
			productType = "com.apple.product-type.application";
		};
/* End PBXNativeTarget section */

/* Begin PBXProject section */
		D242762A254AFE1D00326888 /* Project object */ = {
			isa = PBXProject;
			attributes = {
				LastSwiftUpdateCheck = 1220;
				LastUpgradeCheck = 1240;
				TargetAttributes = {
					D2427638254AFE1E00326888 = {
						CreatedOnToolsVersion = 12.2;
					};
				};
			};
			buildConfigurationList = D242762D254AFE1D00326888 /* Build configuration list for PBXProject "redbook" */;
			compatibilityVersion = "Xcode 9.3";
			developmentRegion = en;
			hasScannedForEncodings = 0;
			knownRegions = (
				en,
				Base,
			);
			mainGroup = D2427629254AFE1D00326888;
			packageReferences = (
				D25633FF25EAB5CA00232260 /* XCRemoteSwiftPackageReference "Kingfisher" */,
				D2D21E6325F1889000BA31AD /* XCRemoteSwiftPackageReference "HMV" */,
			);
			productRefGroup = D242763A254AFE1E00326888 /* Products */;
			projectDirPath = "";
			projectRoot = "";
			targets = (
				D2427638254AFE1E00326888 /* redbook (iOS) */,
			);
		};
/* End PBXProject section */

/* Begin PBXResourcesBuildPhase section */
		D2427637254AFE1E00326888 /* Resources */ = {
			isa = PBXResourcesBuildPhase;
			buildActionMask = 2147483647;
			files = (
				D273485F25EC552200590296 /* AppIcons.xcassets in Resources */,
				D2427663254AFE1E00326888 /* Assets.xcassets in Resources */,
				D2D21E5825F17B5100BA31AD /* secrets.xcconfig.sample in Resources */,
				D2D21E5225F1798400BA31AD /* createAppleMusicAPIToken.sh in Resources */,
				D2D21E4F25F1797B00BA31AD /* pre-actions.sh in Resources */,
			);
			runOnlyForDeploymentPostprocessing = 0;
		};
/* End PBXResourcesBuildPhase section */

/* Begin PBXSourcesBuildPhase section */
		D2427635254AFE1E00326888 /* Sources */ = {
			isa = PBXSourcesBuildPhase;
			buildActionMask = 2147483647;
			files = (
				D2D56B9525ED916D007DC398 /* Search.swift in Sources */,
				D22AFF5125FECF610075BB69 /* Source+Extension.swift in Sources */,
				D25334A525EEFDBF00B139FD /* Following.swift in Sources */,
				D242765D254AFE1E00326888 /* redbookApp.swift in Sources */,
				D2B1A51B25F2E4640083BA92 /* SourceDetailViewModel.swift in Sources */,
				D2B1A50725F28C5E0083BA92 /* SourceDetail.swift in Sources */,
				D2427661254AFE1E00326888 /* PersistenceController.swift in Sources */,
				D292EC1825FC327E00D8B827 /* SlotProvider.swift in Sources */,
				D206B26325EA8D9900A5DA14 /* Triage.swift in Sources */,
				D2680D78260155F500ED38AA /* AppUpdater.swift in Sources */,
				D22EFB6726000F6400881F79 /* Track+Extensions.swift in Sources */,
				D2B1A51325F290160083BA92 /* DiscTrackList.swift in Sources */,
				D2B1A50B25F28DE60083BA92 /* SourceCover.swift in Sources */,
				D24F9CCC26020CB20085C6FF /* UserUpdater.swift in Sources */,
				D2C8A17A25F983B4008F7460 /* OnRotationViewModel.swift in Sources */,
				D2680D702601556100ED38AA /* AppState.swift in Sources */,
				D22EFB632600086100881F79 /* AppleMusicAlbum+Extensions.swift in Sources */,
				D242765B254AFE1E00326888 /* redbook.xcdatamodeld in Sources */,
				D25334A025EEF2BC00B139FD /* SearchResults.swift in Sources */,
				D2C8A17E25F98D11008F7460 /* PlaybackLink.swift in Sources */,
				D253349D25EEF25E00B139FD /* SearchBar.swift in Sources */,
				D2D21E6125F1885500BA31AD /* RecordStore.swift in Sources */,
				D242765F254AFE1E00326888 /* Home.swift in Sources */,
				D292EC1425FC1DD900D8B827 /* CollectionProvider.swift in Sources */,
				D2A86AD325F3CE2600F85476 /* SearchViewModel.swift in Sources */,
				D25334A825EEFE2D00B139FD /* Settings.swift in Sources */,
				D2680D7B2601568200ED38AA /* AppEnvironment.swift in Sources */,
				D24F9CC326020C450085C6FF /* UserAction.swift in Sources */,
				D2D56B9125ED8FA5007DC398 /* EmptyCard.swift in Sources */,
				D25633FC25EAB53D00232260 /* SourceCard.swift in Sources */,
				D206B25D25EA8D0400A5DA14 /* OnRotation.swift in Sources */,
				D2B1A51725F293C10083BA92 /* TrackDetail.swift in Sources */,
				D206B26025EA8D3C00A5DA14 /* CollectionLibrary.swift in Sources */,
				D2680D74260155C200ED38AA /* AppAction.swift in Sources */,
				D2B1A50F25F28F210083BA92 /* TrackList.swift in Sources */,
				D256340525EAB64100232260 /* CSS.swift in Sources */,
			);
			runOnlyForDeploymentPostprocessing = 0;
		};
/* End PBXSourcesBuildPhase section */

/* Begin XCBuildConfiguration section */
		D23BB3022550BCE900C5D7BF /* Beta */ = {
			isa = XCBuildConfiguration;
			baseConfigurationReference = D2D21E5425F17B2F00BA31AD /* secrets.xcconfig */;
			buildSettings = {
				ALWAYS_SEARCH_USER_PATHS = NO;
				CLANG_ANALYZER_NONNULL = YES;
				CLANG_ANALYZER_NUMBER_OBJECT_CONVERSION = YES_AGGRESSIVE;
				CLANG_CXX_LANGUAGE_STANDARD = "gnu++14";
				CLANG_CXX_LIBRARY = "libc++";
				CLANG_ENABLE_MODULES = YES;
				CLANG_ENABLE_OBJC_ARC = YES;
				CLANG_ENABLE_OBJC_WEAK = YES;
				CLANG_WARN_BLOCK_CAPTURE_AUTORELEASING = YES;
				CLANG_WARN_BOOL_CONVERSION = YES;
				CLANG_WARN_COMMA = YES;
				CLANG_WARN_CONSTANT_CONVERSION = YES;
				CLANG_WARN_DEPRECATED_OBJC_IMPLEMENTATIONS = YES;
				CLANG_WARN_DIRECT_OBJC_ISA_USAGE = YES_ERROR;
				CLANG_WARN_DOCUMENTATION_COMMENTS = YES;
				CLANG_WARN_EMPTY_BODY = YES;
				CLANG_WARN_ENUM_CONVERSION = YES;
				CLANG_WARN_INFINITE_RECURSION = YES;
				CLANG_WARN_INT_CONVERSION = YES;
				CLANG_WARN_NON_LITERAL_NULL_CONVERSION = YES;
				CLANG_WARN_OBJC_IMPLICIT_RETAIN_SELF = YES;
				CLANG_WARN_OBJC_LITERAL_CONVERSION = YES;
				CLANG_WARN_OBJC_ROOT_CLASS = YES_ERROR;
				CLANG_WARN_QUOTED_INCLUDE_IN_FRAMEWORK_HEADER = YES;
				CLANG_WARN_RANGE_LOOP_ANALYSIS = YES;
				CLANG_WARN_STRICT_PROTOTYPES = YES;
				CLANG_WARN_SUSPICIOUS_MOVE = YES;
				CLANG_WARN_UNGUARDED_AVAILABILITY = YES_AGGRESSIVE;
				CLANG_WARN_UNREACHABLE_CODE = YES;
				CLANG_WARN__DUPLICATE_METHOD_MATCH = YES;
				COPY_PHASE_STRIP = NO;
				DEBUG_INFORMATION_FORMAT = "dwarf-with-dsym";
				ENABLE_NS_ASSERTIONS = NO;
				ENABLE_STRICT_OBJC_MSGSEND = YES;
				GCC_C_LANGUAGE_STANDARD = gnu11;
				GCC_NO_COMMON_BLOCKS = YES;
				GCC_WARN_64_TO_32_BIT_CONVERSION = YES;
				GCC_WARN_ABOUT_RETURN_TYPE = YES_ERROR;
				GCC_WARN_UNDECLARED_SELECTOR = YES;
				GCC_WARN_UNINITIALIZED_AUTOS = YES_AGGRESSIVE;
				GCC_WARN_UNUSED_FUNCTION = YES;
				GCC_WARN_UNUSED_VARIABLE = YES;
				MTL_ENABLE_DEBUG_INFO = NO;
				MTL_FAST_MATH = YES;
				SWIFT_COMPILATION_MODE = wholemodule;
				SWIFT_OPTIMIZATION_LEVEL = "-O";
			};
			name = Beta;
		};
		D23BB3032550BCE900C5D7BF /* Beta */ = {
			isa = XCBuildConfiguration;
			buildSettings = {
				ASSETCATALOG_COMPILER_APPICON_NAME = "AppIcon-Beta";
				ASSETCATALOG_COMPILER_GLOBAL_ACCENT_COLOR_NAME = AccentColor;
				CODE_SIGN_ENTITLEMENTS = redbook/Configuration/redbook.entitlements;
				CODE_SIGN_IDENTITY = "iPhone Distribution";
				CODE_SIGN_STYLE = Manual;
				DEVELOPMENT_TEAM = 3Z89R2M235;
				DISPLAY_NAME = "Red Book β";
				ENABLE_PREVIEWS = YES;
				INFOPLIST_FILE = redbook/Configuration/Info.plist;
				IPHONEOS_DEPLOYMENT_TARGET = 14.0;
				LD_RUNPATH_SEARCH_PATHS = (
					"$(inherited)",
					"@executable_path/Frameworks",
				);
				MARKETING_VERSION = 0.1;
				PRODUCT_BUNDLE_IDENTIFIER = io.breakbeat.redbook.beta;
				PRODUCT_NAME = redbook;
				PROVISIONING_PROFILE_SPECIFIER = "Red Book Beta";
				SDKROOT = iphoneos;
				SWIFT_VERSION = 5.0;
				TARGETED_DEVICE_FAMILY = "1,2";
				VALIDATE_PRODUCT = YES;
			};
			name = Beta;
		};
		D23BB3072550BCF200C5D7BF /* Alpha */ = {
			isa = XCBuildConfiguration;
			baseConfigurationReference = D2D21E5425F17B2F00BA31AD /* secrets.xcconfig */;
			buildSettings = {
				ALWAYS_SEARCH_USER_PATHS = NO;
				CLANG_ANALYZER_NONNULL = YES;
				CLANG_ANALYZER_NUMBER_OBJECT_CONVERSION = YES_AGGRESSIVE;
				CLANG_CXX_LANGUAGE_STANDARD = "gnu++14";
				CLANG_CXX_LIBRARY = "libc++";
				CLANG_ENABLE_MODULES = YES;
				CLANG_ENABLE_OBJC_ARC = YES;
				CLANG_ENABLE_OBJC_WEAK = YES;
				CLANG_WARN_BLOCK_CAPTURE_AUTORELEASING = YES;
				CLANG_WARN_BOOL_CONVERSION = YES;
				CLANG_WARN_COMMA = YES;
				CLANG_WARN_CONSTANT_CONVERSION = YES;
				CLANG_WARN_DEPRECATED_OBJC_IMPLEMENTATIONS = YES;
				CLANG_WARN_DIRECT_OBJC_ISA_USAGE = YES_ERROR;
				CLANG_WARN_DOCUMENTATION_COMMENTS = YES;
				CLANG_WARN_EMPTY_BODY = YES;
				CLANG_WARN_ENUM_CONVERSION = YES;
				CLANG_WARN_INFINITE_RECURSION = YES;
				CLANG_WARN_INT_CONVERSION = YES;
				CLANG_WARN_NON_LITERAL_NULL_CONVERSION = YES;
				CLANG_WARN_OBJC_IMPLICIT_RETAIN_SELF = YES;
				CLANG_WARN_OBJC_LITERAL_CONVERSION = YES;
				CLANG_WARN_OBJC_ROOT_CLASS = YES_ERROR;
				CLANG_WARN_QUOTED_INCLUDE_IN_FRAMEWORK_HEADER = YES;
				CLANG_WARN_RANGE_LOOP_ANALYSIS = YES;
				CLANG_WARN_STRICT_PROTOTYPES = YES;
				CLANG_WARN_SUSPICIOUS_MOVE = YES;
				CLANG_WARN_UNGUARDED_AVAILABILITY = YES_AGGRESSIVE;
				CLANG_WARN_UNREACHABLE_CODE = YES;
				CLANG_WARN__DUPLICATE_METHOD_MATCH = YES;
				COPY_PHASE_STRIP = NO;
				DEBUG_INFORMATION_FORMAT = "dwarf-with-dsym";
				ENABLE_NS_ASSERTIONS = NO;
				ENABLE_STRICT_OBJC_MSGSEND = YES;
				GCC_C_LANGUAGE_STANDARD = gnu11;
				GCC_NO_COMMON_BLOCKS = YES;
				GCC_WARN_64_TO_32_BIT_CONVERSION = YES;
				GCC_WARN_ABOUT_RETURN_TYPE = YES_ERROR;
				GCC_WARN_UNDECLARED_SELECTOR = YES;
				GCC_WARN_UNINITIALIZED_AUTOS = YES_AGGRESSIVE;
				GCC_WARN_UNUSED_FUNCTION = YES;
				GCC_WARN_UNUSED_VARIABLE = YES;
				MTL_ENABLE_DEBUG_INFO = NO;
				MTL_FAST_MATH = YES;
				SWIFT_COMPILATION_MODE = wholemodule;
				SWIFT_OPTIMIZATION_LEVEL = "-O";
			};
			name = Alpha;
		};
		D23BB3082550BCF200C5D7BF /* Alpha */ = {
			isa = XCBuildConfiguration;
			buildSettings = {
				ASSETCATALOG_COMPILER_APPICON_NAME = "AppIcon-Alpha";
				ASSETCATALOG_COMPILER_GLOBAL_ACCENT_COLOR_NAME = AccentColor;
				CODE_SIGN_ENTITLEMENTS = redbook/Configuration/redbook.entitlements;
				CODE_SIGN_IDENTITY = "iPhone Distribution";
				CODE_SIGN_STYLE = Manual;
				DEVELOPMENT_TEAM = 3Z89R2M235;
				DISPLAY_NAME = "Red Book α";
				ENABLE_PREVIEWS = YES;
				INFOPLIST_FILE = redbook/Configuration/Info.plist;
				IPHONEOS_DEPLOYMENT_TARGET = 14.0;
				LD_RUNPATH_SEARCH_PATHS = (
					"$(inherited)",
					"@executable_path/Frameworks",
				);
				MARKETING_VERSION = 0.1;
				PRODUCT_BUNDLE_IDENTIFIER = io.breakbeat.redbook.alpha;
				PRODUCT_NAME = redbook;
				PROVISIONING_PROFILE_SPECIFIER = "Red Book Alpha";
				SDKROOT = iphoneos;
				SWIFT_VERSION = 5.0;
				TARGETED_DEVICE_FAMILY = "1,2";
				VALIDATE_PRODUCT = YES;
			};
			name = Alpha;
		};
		D2427665254AFE1E00326888 /* Development */ = {
			isa = XCBuildConfiguration;
			baseConfigurationReference = D2D21E5425F17B2F00BA31AD /* secrets.xcconfig */;
			buildSettings = {
				ALWAYS_SEARCH_USER_PATHS = NO;
				CLANG_ANALYZER_NONNULL = YES;
				CLANG_ANALYZER_NUMBER_OBJECT_CONVERSION = YES_AGGRESSIVE;
				CLANG_CXX_LANGUAGE_STANDARD = "gnu++14";
				CLANG_CXX_LIBRARY = "libc++";
				CLANG_ENABLE_MODULES = YES;
				CLANG_ENABLE_OBJC_ARC = YES;
				CLANG_ENABLE_OBJC_WEAK = YES;
				CLANG_WARN_BLOCK_CAPTURE_AUTORELEASING = YES;
				CLANG_WARN_BOOL_CONVERSION = YES;
				CLANG_WARN_COMMA = YES;
				CLANG_WARN_CONSTANT_CONVERSION = YES;
				CLANG_WARN_DEPRECATED_OBJC_IMPLEMENTATIONS = YES;
				CLANG_WARN_DIRECT_OBJC_ISA_USAGE = YES_ERROR;
				CLANG_WARN_DOCUMENTATION_COMMENTS = YES;
				CLANG_WARN_EMPTY_BODY = YES;
				CLANG_WARN_ENUM_CONVERSION = YES;
				CLANG_WARN_INFINITE_RECURSION = YES;
				CLANG_WARN_INT_CONVERSION = YES;
				CLANG_WARN_NON_LITERAL_NULL_CONVERSION = YES;
				CLANG_WARN_OBJC_IMPLICIT_RETAIN_SELF = YES;
				CLANG_WARN_OBJC_LITERAL_CONVERSION = YES;
				CLANG_WARN_OBJC_ROOT_CLASS = YES_ERROR;
				CLANG_WARN_QUOTED_INCLUDE_IN_FRAMEWORK_HEADER = YES;
				CLANG_WARN_RANGE_LOOP_ANALYSIS = YES;
				CLANG_WARN_STRICT_PROTOTYPES = YES;
				CLANG_WARN_SUSPICIOUS_MOVE = YES;
				CLANG_WARN_UNGUARDED_AVAILABILITY = YES_AGGRESSIVE;
				CLANG_WARN_UNREACHABLE_CODE = YES;
				CLANG_WARN__DUPLICATE_METHOD_MATCH = YES;
				COPY_PHASE_STRIP = NO;
				DEBUG_INFORMATION_FORMAT = dwarf;
				ENABLE_STRICT_OBJC_MSGSEND = YES;
				ENABLE_TESTABILITY = YES;
				GCC_C_LANGUAGE_STANDARD = gnu11;
				GCC_DYNAMIC_NO_PIC = NO;
				GCC_NO_COMMON_BLOCKS = YES;
				GCC_OPTIMIZATION_LEVEL = 0;
				GCC_PREPROCESSOR_DEFINITIONS = (
					"DEBUG=1",
					"$(inherited)",
				);
				GCC_WARN_64_TO_32_BIT_CONVERSION = YES;
				GCC_WARN_ABOUT_RETURN_TYPE = YES_ERROR;
				GCC_WARN_UNDECLARED_SELECTOR = YES;
				GCC_WARN_UNINITIALIZED_AUTOS = YES_AGGRESSIVE;
				GCC_WARN_UNUSED_FUNCTION = YES;
				GCC_WARN_UNUSED_VARIABLE = YES;
				MTL_ENABLE_DEBUG_INFO = INCLUDE_SOURCE;
				MTL_FAST_MATH = YES;
				ONLY_ACTIVE_ARCH = YES;
				SWIFT_ACTIVE_COMPILATION_CONDITIONS = DEBUG;
				SWIFT_OPTIMIZATION_LEVEL = "-Onone";
			};
			name = Development;
		};
		D2427666254AFE1E00326888 /* Release */ = {
			isa = XCBuildConfiguration;
			baseConfigurationReference = D2D21E5425F17B2F00BA31AD /* secrets.xcconfig */;
			buildSettings = {
				ALWAYS_SEARCH_USER_PATHS = NO;
				CLANG_ANALYZER_NONNULL = YES;
				CLANG_ANALYZER_NUMBER_OBJECT_CONVERSION = YES_AGGRESSIVE;
				CLANG_CXX_LANGUAGE_STANDARD = "gnu++14";
				CLANG_CXX_LIBRARY = "libc++";
				CLANG_ENABLE_MODULES = YES;
				CLANG_ENABLE_OBJC_ARC = YES;
				CLANG_ENABLE_OBJC_WEAK = YES;
				CLANG_WARN_BLOCK_CAPTURE_AUTORELEASING = YES;
				CLANG_WARN_BOOL_CONVERSION = YES;
				CLANG_WARN_COMMA = YES;
				CLANG_WARN_CONSTANT_CONVERSION = YES;
				CLANG_WARN_DEPRECATED_OBJC_IMPLEMENTATIONS = YES;
				CLANG_WARN_DIRECT_OBJC_ISA_USAGE = YES_ERROR;
				CLANG_WARN_DOCUMENTATION_COMMENTS = YES;
				CLANG_WARN_EMPTY_BODY = YES;
				CLANG_WARN_ENUM_CONVERSION = YES;
				CLANG_WARN_INFINITE_RECURSION = YES;
				CLANG_WARN_INT_CONVERSION = YES;
				CLANG_WARN_NON_LITERAL_NULL_CONVERSION = YES;
				CLANG_WARN_OBJC_IMPLICIT_RETAIN_SELF = YES;
				CLANG_WARN_OBJC_LITERAL_CONVERSION = YES;
				CLANG_WARN_OBJC_ROOT_CLASS = YES_ERROR;
				CLANG_WARN_QUOTED_INCLUDE_IN_FRAMEWORK_HEADER = YES;
				CLANG_WARN_RANGE_LOOP_ANALYSIS = YES;
				CLANG_WARN_STRICT_PROTOTYPES = YES;
				CLANG_WARN_SUSPICIOUS_MOVE = YES;
				CLANG_WARN_UNGUARDED_AVAILABILITY = YES_AGGRESSIVE;
				CLANG_WARN_UNREACHABLE_CODE = YES;
				CLANG_WARN__DUPLICATE_METHOD_MATCH = YES;
				COPY_PHASE_STRIP = NO;
				DEBUG_INFORMATION_FORMAT = "dwarf-with-dsym";
				ENABLE_NS_ASSERTIONS = NO;
				ENABLE_STRICT_OBJC_MSGSEND = YES;
				GCC_C_LANGUAGE_STANDARD = gnu11;
				GCC_NO_COMMON_BLOCKS = YES;
				GCC_WARN_64_TO_32_BIT_CONVERSION = YES;
				GCC_WARN_ABOUT_RETURN_TYPE = YES_ERROR;
				GCC_WARN_UNDECLARED_SELECTOR = YES;
				GCC_WARN_UNINITIALIZED_AUTOS = YES_AGGRESSIVE;
				GCC_WARN_UNUSED_FUNCTION = YES;
				GCC_WARN_UNUSED_VARIABLE = YES;
				MTL_ENABLE_DEBUG_INFO = NO;
				MTL_FAST_MATH = YES;
				SWIFT_COMPILATION_MODE = wholemodule;
				SWIFT_OPTIMIZATION_LEVEL = "-O";
			};
			name = Release;
		};
		D2427668254AFE1E00326888 /* Development */ = {
			isa = XCBuildConfiguration;
			buildSettings = {
				ASSETCATALOG_COMPILER_APPICON_NAME = "AppIcon-Development";
				ASSETCATALOG_COMPILER_GLOBAL_ACCENT_COLOR_NAME = AccentColor;
				CODE_SIGN_ENTITLEMENTS = redbook/Configuration/redbook.entitlements;
				CODE_SIGN_STYLE = Automatic;
				DEVELOPMENT_TEAM = 3Z89R2M235;
				DISPLAY_NAME = "Red Book λ";
				ENABLE_PREVIEWS = YES;
				INFOPLIST_FILE = redbook/Configuration/Info.plist;
				IPHONEOS_DEPLOYMENT_TARGET = 14.0;
				LD_RUNPATH_SEARCH_PATHS = (
					"$(inherited)",
					"@executable_path/Frameworks",
				);
				MARKETING_VERSION = 0.1;
				PRODUCT_BUNDLE_IDENTIFIER = io.breakbeat.redbook.development;
				PRODUCT_NAME = redbook;
				SDKROOT = iphoneos;
				SWIFT_VERSION = 5.0;
				TARGETED_DEVICE_FAMILY = "1,2";
			};
			name = Development;
		};
		D2427669254AFE1E00326888 /* Release */ = {
			isa = XCBuildConfiguration;
			buildSettings = {
				ASSETCATALOG_COMPILER_APPICON_NAME = AppIcon;
				ASSETCATALOG_COMPILER_GLOBAL_ACCENT_COLOR_NAME = AccentColor;
				CODE_SIGN_ENTITLEMENTS = redbook/Configuration/redbook.entitlements;
				CODE_SIGN_IDENTITY = "iPhone Distribution";
				CODE_SIGN_STYLE = Manual;
				DEVELOPMENT_TEAM = 3Z89R2M235;
				DISPLAY_NAME = "Red Book";
				ENABLE_PREVIEWS = YES;
				INFOPLIST_FILE = redbook/Configuration/Info.plist;
				IPHONEOS_DEPLOYMENT_TARGET = 14.0;
				LD_RUNPATH_SEARCH_PATHS = (
					"$(inherited)",
					"@executable_path/Frameworks",
				);
				MARKETING_VERSION = 0.1;
				PRODUCT_BUNDLE_IDENTIFIER = io.breakbeat.redbook;
				PRODUCT_NAME = redbook;
				PROVISIONING_PROFILE_SPECIFIER = "Red Book Release";
				SDKROOT = iphoneos;
				SWIFT_VERSION = 5.0;
				TARGETED_DEVICE_FAMILY = "1,2";
				VALIDATE_PRODUCT = YES;
			};
			name = Release;
		};
/* End XCBuildConfiguration section */

/* Begin XCConfigurationList section */
		D242762D254AFE1D00326888 /* Build configuration list for PBXProject "redbook" */ = {
			isa = XCConfigurationList;
			buildConfigurations = (
				D2427665254AFE1E00326888 /* Development */,
				D2427666254AFE1E00326888 /* Release */,
				D23BB3072550BCF200C5D7BF /* Alpha */,
				D23BB3022550BCE900C5D7BF /* Beta */,
			);
			defaultConfigurationIsVisible = 0;
			defaultConfigurationName = Release;
		};
		D2427667254AFE1E00326888 /* Build configuration list for PBXNativeTarget "redbook (iOS)" */ = {
			isa = XCConfigurationList;
			buildConfigurations = (
				D2427668254AFE1E00326888 /* Development */,
				D2427669254AFE1E00326888 /* Release */,
				D23BB3082550BCF200C5D7BF /* Alpha */,
				D23BB3032550BCE900C5D7BF /* Beta */,
			);
			defaultConfigurationIsVisible = 0;
			defaultConfigurationName = Release;
		};
/* End XCConfigurationList section */

/* Begin XCRemoteSwiftPackageReference section */
		D25633FF25EAB5CA00232260 /* XCRemoteSwiftPackageReference "Kingfisher" */ = {
			isa = XCRemoteSwiftPackageReference;
			repositoryURL = "https://github.com/onevcat/Kingfisher";
			requirement = {
				kind = upToNextMajorVersion;
				minimumVersion = 6.0.0;
			};
		};
		D2D21E6325F1889000BA31AD /* XCRemoteSwiftPackageReference "HMV" */ = {
			isa = XCRemoteSwiftPackageReference;
			repositoryURL = "https://github.com/breakbeat-io/HMV";
			requirement = {
				branch = master;
				kind = branch;
			};
		};
/* End XCRemoteSwiftPackageReference section */

/* Begin XCSwiftPackageProductDependency section */
		D256340025EAB5CA00232260 /* Kingfisher */ = {
			isa = XCSwiftPackageProductDependency;
			package = D25633FF25EAB5CA00232260 /* XCRemoteSwiftPackageReference "Kingfisher" */;
			productName = Kingfisher;
		};
		D2D21E6425F1889000BA31AD /* HMV */ = {
			isa = XCSwiftPackageProductDependency;
			package = D2D21E6325F1889000BA31AD /* XCRemoteSwiftPackageReference "HMV" */;
			productName = HMV;
		};
/* End XCSwiftPackageProductDependency section */

/* Begin XCVersionGroup section */
		D242762F254AFE1D00326888 /* redbook.xcdatamodeld */ = {
			isa = XCVersionGroup;
			children = (
				D2427630254AFE1D00326888 /* Shared.xcdatamodel */,
			);
			currentVersion = D2427630254AFE1D00326888 /* Shared.xcdatamodel */;
			path = redbook.xcdatamodeld;
			sourceTree = "<group>";
			versionGroupType = wrapper.xcdatamodel;
		};
/* End XCVersionGroup section */
	};
	rootObject = D242762A254AFE1D00326888 /* Project object */;
}
